
Microsoft Visual Studio Solution File, Format Version 12.00
# Visual Studio 15
VisualStudioVersion = 15.0.28307.136
MinimumVisualStudioVersion = 10.0.40219.1
Project("{FAE04EC0-301F-11D3-BF4B-00C04F79EFBC}") = "PizzaApp(recap)", "Module4-OOP-TEMA03\PizzaApp(recap).csproj", "{D6BCB828-00D9-499D-900E-BB124FFC48E2}"
EndProject
Project("{FAE04EC0-301F-11D3-BF4B-00C04F79EFBC}") = "PizzaModels(recap)", "PizzaModels(recap)\PizzaModels(recap).csproj", "{D7AFFBCB-6A5A-4D2B-9A3B-3274F73CDF2A}"
EndProject
Project("{FAE04EC0-301F-11D3-BF4B-00C04F79EFBC}") = "AbstractClass+Interface(recap)", "AbstractClass+Interface(recap)\AbstractClass+Interface(recap).csproj", "{5857DB6D-3247-4BAD-B370-20EED2C644C7}"
EndProject
Project("{FAE04EC0-301F-11D3-BF4B-00C04F79EFBC}") = "LibraryApp(upgraded)", "LibraryApp(upgraded)\LibraryApp(upgraded).csproj", "{C9408414-3BD1-4045-8EC8-278F5A107FC1}"
EndProject
Project("{FAE04EC0-301F-11D3-BF4B-00C04F79EFBC}") = "LibraryModels(upgraded)", "LibraryModels\LibraryModels(upgraded).csproj", "{4AD080D6-6BBE-40F6-9B5C-71C30792F413}"
EndProject
Project("{FAE04EC0-301F-11D3-BF4B-00C04F79EFBC}") = "Ex6_StudentsWorkers", "Ex6_StudentsWorkers\Ex6_StudentsWorkers.csproj", "{627C8B40-53F4-4E6A-BA49-B4EF5E2ECDE4}"
EndProject
Project("{FAE04EC0-301F-11D3-BF4B-00C04F79EFBC}") = "Ex6_xModels", "Ex6_Models\Ex6_xModels.csproj", "{964DD119-4F33-4994-9998-363975CF1D06}"
EndProject
Project("{FAE04EC0-301F-11D3-BF4B-00C04F79EFBC}") = "Ex7_AnimalHierarchy", "Ex7_AnimalHierarchy\Ex7_AnimalHierarchy.csproj", "{52F81A24-FD85-4BDD-B7A0-8023D61032A8}"
EndProject
Project("{FAE04EC0-301F-11D3-BF4B-00C04F79EFBC}") = "Ex7_xModels", "Ex7_Models\Ex7_xModels.csproj", "{E0B53EAB-DE25-4E30-814F-3C13E2D0E092}"
EndProject
Global
	GlobalSection(SolutionConfigurationPlatforms) = preSolution
		Debug|Any CPU = Debug|Any CPU
		Release|Any CPU = Release|Any CPU
	EndGlobalSection
	GlobalSection(ProjectConfigurationPlatforms) = postSolution
		{D6BCB828-00D9-499D-900E-BB124FFC48E2}.Debug|Any CPU.ActiveCfg = Debug|Any CPU
		{D6BCB828-00D9-499D-900E-BB124FFC48E2}.Debug|Any CPU.Build.0 = Debug|Any CPU
		{D6BCB828-00D9-499D-900E-BB124FFC48E2}.Release|Any CPU.ActiveCfg = Release|Any CPU
		{D6BCB828-00D9-499D-900E-BB124FFC48E2}.Release|Any CPU.Build.0 = Release|Any CPU
		{D7AFFBCB-6A5A-4D2B-9A3B-3274F73CDF2A}.Debug|Any CPU.ActiveCfg = Debug|Any CPU
		{D7AFFBCB-6A5A-4D2B-9A3B-3274F73CDF2A}.Debug|Any CPU.Build.0 = Debug|Any CPU
		{D7AFFBCB-6A5A-4D2B-9A3B-3274F73CDF2A}.Release|Any CPU.ActiveCfg = Release|Any CPU
		{D7AFFBCB-6A5A-4D2B-9A3B-3274F73CDF2A}.Release|Any CPU.Build.0 = Release|Any CPU
		{5857DB6D-3247-4BAD-B370-20EED2C644C7}.Debug|Any CPU.ActiveCfg = Debug|Any CPU
		{5857DB6D-3247-4BAD-B370-20EED2C644C7}.Debug|Any CPU.Build.0 = Debug|Any CPU
		{5857DB6D-3247-4BAD-B370-20EED2C644C7}.Release|Any CPU.ActiveCfg = Release|Any CPU
		{5857DB6D-3247-4BAD-B370-20EED2C644C7}.Release|Any CPU.Build.0 = Release|Any CPU
		{C9408414-3BD1-4045-8EC8-278F5A107FC1}.Debug|Any CPU.ActiveCfg = Debug|Any CPU
		{C9408414-3BD1-4045-8EC8-278F5A107FC1}.Debug|Any CPU.Build.0 = Debug|Any CPU
		{C9408414-3BD1-4045-8EC8-278F5A107FC1}.Release|Any CPU.ActiveCfg = Release|Any CPU
		{C9408414-3BD1-4045-8EC8-278F5A107FC1}.Release|Any CPU.Build.0 = Release|Any CPU
		{4AD080D6-6BBE-40F6-9B5C-71C30792F413}.Debug|Any CPU.ActiveCfg = Debug|Any CPU
		{4AD080D6-6BBE-40F6-9B5C-71C30792F413}.Debug|Any CPU.Build.0 = Debug|Any CPU
		{4AD080D6-6BBE-40F6-9B5C-71C30792F413}.Release|Any CPU.ActiveCfg = Release|Any CPU
		{4AD080D6-6BBE-40F6-9B5C-71C30792F413}.Release|Any CPU.Build.0 = Release|Any CPU
		{627C8B40-53F4-4E6A-BA49-B4EF5E2ECDE4}.Debug|Any CPU.ActiveCfg = Debug|Any CPU
		{627C8B40-53F4-4E6A-BA49-B4EF5E2ECDE4}.Debug|Any CPU.Build.0 = Debug|Any CPU
		{627C8B40-53F4-4E6A-BA49-B4EF5E2ECDE4}.Release|Any CPU.ActiveCfg = Release|Any CPU
		{627C8B40-53F4-4E6A-BA49-B4EF5E2ECDE4}.Release|Any CPU.Build.0 = Release|Any CPU
		{964DD119-4F33-4994-9998-363975CF1D06}.Debug|Any CPU.ActiveCfg = Debug|Any CPU
		{964DD119-4F33-4994-9998-363975CF1D06}.Debug|Any CPU.Build.0 = Debug|Any CPU
		{964DD119-4F33-4994-9998-363975CF1D06}.Release|Any CPU.ActiveCfg = Release|Any CPU
		{964DD119-4F33-4994-9998-363975CF1D06}.Release|Any CPU.Build.0 = Release|Any CPU
		{52F81A24-FD85-4BDD-B7A0-8023D61032A8}.Debug|Any CPU.ActiveCfg = Debug|Any CPU
		{52F81A24-FD85-4BDD-B7A0-8023D61032A8}.Debug|Any CPU.Build.0 = Debug|Any CPU
		{52F81A24-FD85-4BDD-B7A0-8023D61032A8}.Release|Any CPU.ActiveCfg = Release|Any CPU
		{52F81A24-FD85-4BDD-B7A0-8023D61032A8}.Release|Any CPU.Build.0 = Release|Any CPU
		{E0B53EAB-DE25-4E30-814F-3C13E2D0E092}.Debug|Any CPU.ActiveCfg = Debug|Any CPU
		{E0B53EAB-DE25-4E30-814F-3C13E2D0E092}.Debug|Any CPU.Build.0 = Debug|Any CPU
		{E0B53EAB-DE25-4E30-814F-3C13E2D0E092}.Release|Any CPU.ActiveCfg = Release|Any CPU
		{E0B53EAB-DE25-4E30-814F-3C13E2D0E092}.Release|Any CPU.Build.0 = Release|Any CPU
	EndGlobalSection
	GlobalSection(SolutionProperties) = preSolution
		HideSolutionNode = FALSE
	EndGlobalSection
	GlobalSection(ExtensibilityGlobals) = postSolution
		SolutionGuid = {4767F7DA-B955-4A5C-BF15-F64221947004}
	EndGlobalSection
EndGlobal
