
Microsoft Visual Studio Solution File, Format Version 12.00
# Visual Studio 15
VisualStudioVersion = 15.0.28307.136
MinimumVisualStudioVersion = 10.0.40219.1
Project("{FAE04EC0-301F-11D3-BF4B-00C04F79EFBC}") = "HotelApp", "HotelApp\HotelApp.csproj", "{EC4D3B27-D191-4325-BDED-FB4BE4A551B8}"
EndProject
Project("{FAE04EC0-301F-11D3-BF4B-00C04F79EFBC}") = "LibraryApp", "LibraryApp\LibraryApp.csproj", "{2A7AD6F8-91B7-4C5D-BA22-FA26B34BF75C}"
EndProject
Project("{FAE04EC0-301F-11D3-BF4B-00C04F79EFBC}") = "PizzaApp", "PizzaApp\PizzaApp.csproj", "{CE42A87D-9F41-454C-BD19-67995C73556F}"
EndProject
Project("{FAE04EC0-301F-11D3-BF4B-00C04F79EFBC}") = "Queue", "Queue\Queue.csproj", "{0E035ED1-7F46-4CD4-BA7B-4E39FD3B5583}"
EndProject
Project("{FAE04EC0-301F-11D3-BF4B-00C04F79EFBC}") = "Stack", "Stack\Stack.csproj", "{C8281C79-1A1B-42E8-BDFD-8A4B08E7D10D}"
EndProject
Global
	GlobalSection(SolutionConfigurationPlatforms) = preSolution
		Debug|Any CPU = Debug|Any CPU
		Release|Any CPU = Release|Any CPU
	EndGlobalSection
	GlobalSection(ProjectConfigurationPlatforms) = postSolution
		{EC4D3B27-D191-4325-BDED-FB4BE4A551B8}.Debug|Any CPU.ActiveCfg = Debug|Any CPU
		{EC4D3B27-D191-4325-BDED-FB4BE4A551B8}.Debug|Any CPU.Build.0 = Debug|Any CPU
		{EC4D3B27-D191-4325-BDED-FB4BE4A551B8}.Release|Any CPU.ActiveCfg = Release|Any CPU
		{EC4D3B27-D191-4325-BDED-FB4BE4A551B8}.Release|Any CPU.Build.0 = Release|Any CPU
		{2A7AD6F8-91B7-4C5D-BA22-FA26B34BF75C}.Debug|Any CPU.ActiveCfg = Debug|Any CPU
		{2A7AD6F8-91B7-4C5D-BA22-FA26B34BF75C}.Debug|Any CPU.Build.0 = Debug|Any CPU
		{2A7AD6F8-91B7-4C5D-BA22-FA26B34BF75C}.Release|Any CPU.ActiveCfg = Release|Any CPU
		{2A7AD6F8-91B7-4C5D-BA22-FA26B34BF75C}.Release|Any CPU.Build.0 = Release|Any CPU
		{CE42A87D-9F41-454C-BD19-67995C73556F}.Debug|Any CPU.ActiveCfg = Debug|Any CPU
		{CE42A87D-9F41-454C-BD19-67995C73556F}.Debug|Any CPU.Build.0 = Debug|Any CPU
		{CE42A87D-9F41-454C-BD19-67995C73556F}.Release|Any CPU.ActiveCfg = Release|Any CPU
		{CE42A87D-9F41-454C-BD19-67995C73556F}.Release|Any CPU.Build.0 = Release|Any CPU
		{0E035ED1-7F46-4CD4-BA7B-4E39FD3B5583}.Debug|Any CPU.ActiveCfg = Debug|Any CPU
		{0E035ED1-7F46-4CD4-BA7B-4E39FD3B5583}.Debug|Any CPU.Build.0 = Debug|Any CPU
		{0E035ED1-7F46-4CD4-BA7B-4E39FD3B5583}.Release|Any CPU.ActiveCfg = Release|Any CPU
		{0E035ED1-7F46-4CD4-BA7B-4E39FD3B5583}.Release|Any CPU.Build.0 = Release|Any CPU
		{C8281C79-1A1B-42E8-BDFD-8A4B08E7D10D}.Debug|Any CPU.ActiveCfg = Debug|Any CPU
		{C8281C79-1A1B-42E8-BDFD-8A4B08E7D10D}.Debug|Any CPU.Build.0 = Debug|Any CPU
		{C8281C79-1A1B-42E8-BDFD-8A4B08E7D10D}.Release|Any CPU.ActiveCfg = Release|Any CPU
		{C8281C79-1A1B-42E8-BDFD-8A4B08E7D10D}.Release|Any CPU.Build.0 = Release|Any CPU
	EndGlobalSection
	GlobalSection(SolutionProperties) = preSolution
		HideSolutionNode = FALSE
	EndGlobalSection
	GlobalSection(ExtensibilityGlobals) = postSolution
		SolutionGuid = {6B59AD74-16E8-49F1-906D-27542B8F40F4}
	EndGlobalSection
EndGlobal
